// !$*UTF8*$!
{
	archiveVersion = 1;
	classes = {
	};
	objectVersion = 46;
	objects = {

/* Begin PBXBuildFile section */
		BC9D39DB1EAB43690027852B /* AppDelegate.swift in Sources */ = {isa = PBXBuildFile; fileRef = BC9D39DA1EAB43690027852B /* AppDelegate.swift */; };
		BC9D39DD1EAB43690027852B /* ViewController.swift in Sources */ = {isa = PBXBuildFile; fileRef = BC9D39DC1EAB43690027852B /* ViewController.swift */; };
		BC9D39E01EAB43690027852B /* Main.storyboard in Resources */ = {isa = PBXBuildFile; fileRef = BC9D39DE1EAB43690027852B /* Main.storyboard */; };
		BC9D39E21EAB43690027852B /* Assets.xcassets in Resources */ = {isa = PBXBuildFile; fileRef = BC9D39E11EAB43690027852B /* Assets.xcassets */; };
		BC9D39E51EAB43690027852B /* LaunchScreen.storyboard in Resources */ = {isa = PBXBuildFile; fileRef = BC9D39E31EAB43690027852B /* LaunchScreen.storyboard */; };
		BC9D39F01EAB43690027852B /* MyCameraApp0422SatTests.swift in Sources */ = {isa = PBXBuildFile; fileRef = BC9D39EF1EAB43690027852B /* MyCameraApp0422SatTests.swift */; };
		BC9D39FB1EAB43690027852B /* MyCameraApp0422SatUITests.swift in Sources */ = {isa = PBXBuildFile; fileRef = BC9D39FA1EAB43690027852B /* MyCameraApp0422SatUITests.swift */; };
/* End PBXBuildFile section */

/* Begin PBXContainerItemProxy section */
		BC9D39EC1EAB43690027852B /* PBXContainerItemProxy */ = {
			isa = PBXContainerItemProxy;
			containerPortal = BC9D39CF1EAB43690027852B /* Project object */;
			proxyType = 1;
			remoteGlobalIDString = BC9D39D61EAB43690027852B;
			remoteInfo = MyCameraApp0422Sat;
		};
		BC9D39F71EAB43690027852B /* PBXContainerItemProxy */ = {
			isa = PBXContainerItemProxy;
			containerPortal = BC9D39CF1EAB43690027852B /* Project object */;
			proxyType = 1;
			remoteGlobalIDString = BC9D39D61EAB43690027852B;
			remoteInfo = MyCameraApp0422Sat;
		};
/* End PBXContainerItemProxy section */

/* Begin PBXFileReference section */
		BC9D39D71EAB43690027852B /* MyCameraApp0422Sat.app */ = {isa = PBXFileReference; explicitFileType = wrapper.application; includeInIndex = 0; path = MyCameraApp0422Sat.app; sourceTree = BUILT_PRODUCTS_DIR; };
		BC9D39DA1EAB43690027852B /* AppDelegate.swift */ = {isa = PBXFileReference; lastKnownFileType = sourcecode.swift; path = AppDelegate.swift; sourceTree = "<group>"; };
		BC9D39DC1EAB43690027852B /* ViewController.swift */ = {isa = PBXFileReference; lastKnownFileType = sourcecode.swift; path = ViewController.swift; sourceTree = "<group>"; };
		BC9D39DF1EAB43690027852B /* Base */ = {isa = PBXFileReference; lastKnownFileType = file.storyboard; name = Base; path = Base.lproj/Main.storyboard; sourceTree = "<group>"; };
		BC9D39E11EAB43690027852B /* Assets.xcassets */ = {isa = PBXFileReference; lastKnownFileType = folder.assetcatalog; path = Assets.xcassets; sourceTree = "<group>"; };
		BC9D39E41EAB43690027852B /* Base */ = {isa = PBXFileReference; lastKnownFileType = file.storyboard; name = Base; path = Base.lproj/LaunchScreen.storyboard; sourceTree = "<group>"; };
		BC9D39E61EAB43690027852B /* Info.plist */ = {isa = PBXFileReference; lastKnownFileType = text.plist.xml; path = Info.plist; sourceTree = "<group>"; };
		BC9D39EB1EAB43690027852B /* MyCameraApp0422SatTests.xctest */ = {isa = PBXFileReference; explicitFileType = wrapper.cfbundle; includeInIndex = 0; path = MyCameraApp0422SatTests.xctest; sourceTree = BUILT_PRODUCTS_DIR; };
		BC9D39EF1EAB43690027852B /* MyCameraApp0422SatTests.swift */ = {isa = PBXFileReference; lastKnownFileType = sourcecode.swift; path = MyCameraApp0422SatTests.swift; sourceTree = "<group>"; };
		BC9D39F11EAB43690027852B /* Info.plist */ = {isa = PBXFileReference; lastKnownFileType = text.plist.xml; path = Info.plist; sourceTree = "<group>"; };
		BC9D39F61EAB43690027852B /* MyCameraApp0422SatUITests.xctest */ = {isa = PBXFileReference; explicitFileType = wrapper.cfbundle; includeInIndex = 0; path = MyCameraApp0422SatUITests.xctest; sourceTree = BUILT_PRODUCTS_DIR; };
		BC9D39FA1EAB43690027852B /* MyCameraApp0422SatUITests.swift */ = {isa = PBXFileReference; lastKnownFileType = sourcecode.swift; path = MyCameraApp0422SatUITests.swift; sourceTree = "<group>"; };
		BC9D39FC1EAB43690027852B /* Info.plist */ = {isa = PBXFileReference; lastKnownFileType = text.plist.xml; path = Info.plist; sourceTree = "<group>"; };
/* End PBXFileReference section */

/* Begin PBXFrameworksBuildPhase section */
		BC9D39D41EAB43690027852B /* Frameworks */ = {
			isa = PBXFrameworksBuildPhase;
			buildActionMask = 2147483647;
			files = (
			);
			runOnlyForDeploymentPostprocessing = 0;
		};
		BC9D39E81EAB43690027852B /* Frameworks */ = {
			isa = PBXFrameworksBuildPhase;
			buildActionMask = 2147483647;
			files = (
			);
			runOnlyForDeploymentPostprocessing = 0;
		};
		BC9D39F31EAB43690027852B /* Frameworks */ = {
			isa = PBXFrameworksBuildPhase;
			buildActionMask = 2147483647;
			files = (
			);
			runOnlyForDeploymentPostprocessing = 0;
		};
/* End PBXFrameworksBuildPhase section */

/* Begin PBXGroup section */
		BC9D39CE1EAB43690027852B = {
			isa = PBXGroup;
			children = (
				BC9D39D91EAB43690027852B /* MyCameraApp0422Sat */,
				BC9D39EE1EAB43690027852B /* MyCameraApp0422SatTests */,
				BC9D39F91EAB43690027852B /* MyCameraApp0422SatUITests */,
				BC9D39D81EAB43690027852B /* Products */,
			);
			sourceTree = "<group>";
		};
		BC9D39D81EAB43690027852B /* Products */ = {
			isa = PBXGroup;
			children = (
				BC9D39D71EAB43690027852B /* MyCameraApp0422Sat.app */,
				BC9D39EB1EAB43690027852B /* MyCameraApp0422SatTests.xctest */,
				BC9D39F61EAB43690027852B /* MyCameraApp0422SatUITests.xctest */,
			);
			name = Products;
			sourceTree = "<group>";
		};
		BC9D39D91EAB43690027852B /* MyCameraApp0422Sat */ = {
			isa = PBXGroup;
			children = (
				BC9D39DA1EAB43690027852B /* AppDelegate.swift */,
				BC9D39DC1EAB43690027852B /* ViewController.swift */,
				BC9D39DE1EAB43690027852B /* Main.storyboard */,
				BC9D39E11EAB43690027852B /* Assets.xcassets */,
				BC9D39E31EAB43690027852B /* LaunchScreen.storyboard */,
				BC9D39E61EAB43690027852B /* Info.plist */,
			);
			path = MyCameraApp0422Sat;
			sourceTree = "<group>";
		};
		BC9D39EE1EAB43690027852B /* MyCameraApp0422SatTests */ = {
			isa = PBXGroup;
			children = (
				BC9D39EF1EAB43690027852B /* MyCameraApp0422SatTests.swift */,
				BC9D39F11EAB43690027852B /* Info.plist */,
			);
			path = MyCameraApp0422SatTests;
			sourceTree = "<group>";
		};
		BC9D39F91EAB43690027852B /* MyCameraApp0422SatUITests */ = {
			isa = PBXGroup;
			children = (
				BC9D39FA1EAB43690027852B /* MyCameraApp0422SatUITests.swift */,
				BC9D39FC1EAB43690027852B /* Info.plist */,
			);
			path = MyCameraApp0422SatUITests;
			sourceTree = "<group>";
		};
/* End PBXGroup section */

/* Begin PBXNativeTarget section */
		BC9D39D61EAB43690027852B /* MyCameraApp0422Sat */ = {
			isa = PBXNativeTarget;
			buildConfigurationList = BC9D39FF1EAB43690027852B /* Build configuration list for PBXNativeTarget "MyCameraApp0422Sat" */;
			buildPhases = (
				BC9D39D31EAB43690027852B /* Sources */,
				BC9D39D41EAB43690027852B /* Frameworks */,
				BC9D39D51EAB43690027852B /* Resources */,
			);
			buildRules = (
			);
			dependencies = (
			);
			name = MyCameraApp0422Sat;
			productName = MyCameraApp0422Sat;
			productReference = BC9D39D71EAB43690027852B /* MyCameraApp0422Sat.app */;
			productType = "com.apple.product-type.application";
		};
		BC9D39EA1EAB43690027852B /* MyCameraApp0422SatTests */ = {
			isa = PBXNativeTarget;
			buildConfigurationList = BC9D3A021EAB43690027852B /* Build configuration list for PBXNativeTarget "MyCameraApp0422SatTests" */;
			buildPhases = (
				BC9D39E71EAB43690027852B /* Sources */,
				BC9D39E81EAB43690027852B /* Frameworks */,
				BC9D39E91EAB43690027852B /* Resources */,
			);
			buildRules = (
			);
			dependencies = (
				BC9D39ED1EAB43690027852B /* PBXTargetDependency */,
			);
			name = MyCameraApp0422SatTests;
			productName = MyCameraApp0422SatTests;
			productReference = BC9D39EB1EAB43690027852B /* MyCameraApp0422SatTests.xctest */;
			productType = "com.apple.product-type.bundle.unit-test";
		};
		BC9D39F51EAB43690027852B /* MyCameraApp0422SatUITests */ = {
			isa = PBXNativeTarget;
			buildConfigurationList = BC9D3A051EAB43690027852B /* Build configuration list for PBXNativeTarget "MyCameraApp0422SatUITests" */;
			buildPhases = (
				BC9D39F21EAB43690027852B /* Sources */,
				BC9D39F31EAB43690027852B /* Frameworks */,
				BC9D39F41EAB43690027852B /* Resources */,
			);
			buildRules = (
			);
			dependencies = (
				BC9D39F81EAB43690027852B /* PBXTargetDependency */,
			);
			name = MyCameraApp0422SatUITests;
			productName = MyCameraApp0422SatUITests;
			productReference = BC9D39F61EAB43690027852B /* MyCameraApp0422SatUITests.xctest */;
			productType = "com.apple.product-type.bundle.ui-testing";
		};
/* End PBXNativeTarget section */

/* Begin PBXProject section */
		BC9D39CF1EAB43690027852B /* Project object */ = {
			isa = PBXProject;
			attributes = {
				LastSwiftUpdateCheck = 0830;
				LastUpgradeCheck = 0830;
				ORGANIZATIONNAME = mikitakeo;
				TargetAttributes = {
					BC9D39D61EAB43690027852B = {
						CreatedOnToolsVersion = 8.3.2;
						DevelopmentTeam = 629QQHHLKT;
						ProvisioningStyle = Automatic;
					};
					BC9D39EA1EAB43690027852B = {
						CreatedOnToolsVersion = 8.3.2;
						DevelopmentTeam = S2CDQDJ3K2;
						ProvisioningStyle = Automatic;
						TestTargetID = BC9D39D61EAB43690027852B;
					};
					BC9D39F51EAB43690027852B = {
						CreatedOnToolsVersion = 8.3.2;
						DevelopmentTeam = S2CDQDJ3K2;
						ProvisioningStyle = Automatic;
						TestTargetID = BC9D39D61EAB43690027852B;
					};
				};
			};
			buildConfigurationList = BC9D39D21EAB43690027852B /* Build configuration list for PBXProject "MyCameraApp0422Sat" */;
			compatibilityVersion = "Xcode 3.2";
			developmentRegion = English;
			hasScannedForEncodings = 0;
			knownRegions = (
				en,
				Base,
			);
			mainGroup = BC9D39CE1EAB43690027852B;
			productRefGroup = BC9D39D81EAB43690027852B /* Products */;
			projectDirPath = "";
			projectRoot = "";
			targets = (
				BC9D39D61EAB43690027852B /* MyCameraApp0422Sat */,
				BC9D39EA1EAB43690027852B /* MyCameraApp0422SatTests */,
				BC9D39F51EAB43690027852B /* MyCameraApp0422SatUITests */,
			);
		};
/* End PBXProject section */

/* Begin PBXResourcesBuildPhase section */
		BC9D39D51EAB43690027852B /* Resources */ = {
			isa = PBXResourcesBuildPhase;
			buildActionMask = 2147483647;
			files = (
				BC9D39E51EAB43690027852B /* LaunchScreen.storyboard in Resources */,
				BC9D39E21EAB43690027852B /* Assets.xcassets in Resources */,
				BC9D39E01EAB43690027852B /* Main.storyboard in Resources */,
			);
			runOnlyForDeploymentPostprocessing = 0;
		};
		BC9D39E91EAB43690027852B /* Resources */ = {
			isa = PBXResourcesBuildPhase;
			buildActionMask = 2147483647;
			files = (
			);
			runOnlyForDeploymentPostprocessing = 0;
		};
		BC9D39F41EAB43690027852B /* Resources */ = {
			isa = PBXResourcesBuildPhase;
			buildActionMask = 2147483647;
			files = (
			);
			runOnlyForDeploymentPostprocessing = 0;
		};
/* End PBXResourcesBuildPhase section */

/* Begin PBXSourcesBuildPhase section */
		BC9D39D31EAB43690027852B /* Sources */ = {
			isa = PBXSourcesBuildPhase;
			buildActionMask = 2147483647;
			files = (
				BC9D39DD1EAB43690027852B /* ViewController.swift in Sources */,
				BC9D39DB1EAB43690027852B /* AppDelegate.swift in Sources */,
			);
			runOnlyForDeploymentPostprocessing = 0;
		};
		BC9D39E71EAB43690027852B /* Sources */ = {
			isa = PBXSourcesBuildPhase;
			buildActionMask = 2147483647;
			files = (
				BC9D39F01EAB43690027852B /* MyCameraApp0422SatTests.swift in Sources */,
			);
			runOnlyForDeploymentPostprocessing = 0;
		};
		BC9D39F21EAB43690027852B /* Sources */ = {
			isa = PBXSourcesBuildPhase;
			buildActionMask = 2147483647;
			files = (
				BC9D39FB1EAB43690027852B /* MyCameraApp0422SatUITests.swift in Sources */,
			);
			runOnlyForDeploymentPostprocessing = 0;
		};
/* End PBXSourcesBuildPhase section */

/* Begin PBXTargetDependency section */
		BC9D39ED1EAB43690027852B /* PBXTargetDependency */ = {
			isa = PBXTargetDependency;
			target = BC9D39D61EAB43690027852B /* MyCameraApp0422Sat */;
			targetProxy = BC9D39EC1EAB43690027852B /* PBXContainerItemProxy */;
		};
		BC9D39F81EAB43690027852B /* PBXTargetDependency */ = {
			isa = PBXTargetDependency;
			target = BC9D39D61EAB43690027852B /* MyCameraApp0422Sat */;
			targetProxy = BC9D39F71EAB43690027852B /* PBXContainerItemProxy */;
		};
/* End PBXTargetDependency section */

/* Begin PBXVariantGroup section */
		BC9D39DE1EAB43690027852B /* Main.storyboard */ = {
			isa = PBXVariantGroup;
			children = (
				BC9D39DF1EAB43690027852B /* Base */,
			);
			name = Main.storyboard;
			sourceTree = "<group>";
		};
		BC9D39E31EAB43690027852B /* LaunchScreen.storyboard */ = {
			isa = PBXVariantGroup;
			children = (
				BC9D39E41EAB43690027852B /* Base */,
			);
			name = LaunchScreen.storyboard;
			sourceTree = "<group>";
		};
/* End PBXVariantGroup section */

/* Begin XCBuildConfiguration section */
		BC9D39FD1EAB43690027852B /* Debug */ = {
			isa = XCBuildConfiguration;
			buildSettings = {
				ALWAYS_SEARCH_USER_PATHS = NO;
				CLANG_ANALYZER_NONNULL = YES;
				CLANG_ANALYZER_NUMBER_OBJECT_CONVERSION = YES_AGGRESSIVE;
				CLANG_CXX_LANGUAGE_STANDARD = "gnu++0x";
				CLANG_CXX_LIBRARY = "libc++";
				CLANG_ENABLE_MODULES = YES;
				CLANG_ENABLE_OBJC_ARC = YES;
				CLANG_WARN_BOOL_CONVERSION = YES;
				CLANG_WARN_CONSTANT_CONVERSION = YES;
				CLANG_WARN_DIRECT_OBJC_ISA_USAGE = YES_ERROR;
				CLANG_WARN_DOCUMENTATION_COMMENTS = YES;
				CLANG_WARN_EMPTY_BODY = YES;
				CLANG_WARN_ENUM_CONVERSION = YES;
				CLANG_WARN_INFINITE_RECURSION = YES;
				CLANG_WARN_INT_CONVERSION = YES;
				CLANG_WARN_OBJC_ROOT_CLASS = YES_ERROR;
				CLANG_WARN_SUSPICIOUS_MOVE = YES;
				CLANG_WARN_UNREACHABLE_CODE = YES;
				CLANG_WARN__DUPLICATE_METHOD_MATCH = YES;
				"CODE_SIGN_IDENTITY[sdk=iphoneos*]" = "iPhone Developer";
				COPY_PHASE_STRIP = NO;
				DEBUG_INFORMATION_FORMAT = dwarf;
				ENABLE_STRICT_OBJC_MSGSEND = YES;
				ENABLE_TESTABILITY = YES;
				GCC_C_LANGUAGE_STANDARD = gnu99;
				GCC_DYNAMIC_NO_PIC = NO;
				GCC_NO_COMMON_BLOCKS = YES;
				GCC_OPTIMIZATION_LEVEL = 0;
				GCC_PREPROCESSOR_DEFINITIONS = (
					"DEBUG=1",
					"$(inherited)",
				);
				GCC_WARN_64_TO_32_BIT_CONVERSION = YES;
				GCC_WARN_ABOUT_RETURN_TYPE = YES_ERROR;
				GCC_WARN_UNDECLARED_SELECTOR = YES;
				GCC_WARN_UNINITIALIZED_AUTOS = YES_AGGRESSIVE;
				GCC_WARN_UNUSED_FUNCTION = YES;
				GCC_WARN_UNUSED_VARIABLE = YES;
				IPHONEOS_DEPLOYMENT_TARGET = 10.3;
				MTL_ENABLE_DEBUG_INFO = YES;
				ONLY_ACTIVE_ARCH = YES;
				SDKROOT = iphoneos;
				SWIFT_ACTIVE_COMPILATION_CONDITIONS = DEBUG;
				SWIFT_OPTIMIZATION_LEVEL = "-Onone";
			};
			name = Debug;
		};
		BC9D39FE1EAB43690027852B /* Release */ = {
			isa = XCBuildConfiguration;
			buildSettings = {
				ALWAYS_SEARCH_USER_PATHS = NO;
				CLANG_ANALYZER_NONNULL = YES;
				CLANG_ANALYZER_NUMBER_OBJECT_CONVERSION = YES_AGGRESSIVE;
				CLANG_CXX_LANGUAGE_STANDARD = "gnu++0x";
				CLANG_CXX_LIBRARY = "libc++";
				CLANG_ENABLE_MODULES = YES;
				CLANG_ENABLE_OBJC_ARC = YES;
				CLANG_WARN_BOOL_CONVERSION = YES;
				CLANG_WARN_CONSTANT_CONVERSION = YES;
				CLANG_WARN_DIRECT_OBJC_ISA_USAGE = YES_ERROR;
				CLANG_WARN_DOCUMENTATION_COMMENTS = YES;
				CLANG_WARN_EMPTY_BODY = YES;
				CLANG_WARN_ENUM_CONVERSION = YES;
				CLANG_WARN_INFINITE_RECURSION = YES;
				CLANG_WARN_INT_CONVERSION = YES;
				CLANG_WARN_OBJC_ROOT_CLASS = YES_ERROR;
				CLANG_WARN_SUSPICIOUS_MOVE = YES;
				CLANG_WARN_UNREACHABLE_CODE = YES;
				CLANG_WARN__DUPLICATE_METHOD_MATCH = YES;
				"CODE_SIGN_IDENTITY[sdk=iphoneos*]" = "iPhone Developer";
				COPY_PHASE_STRIP = NO;
				DEBUG_INFORMATION_FORMAT = "dwarf-with-dsym";
				ENABLE_NS_ASSERTIONS = NO;
				ENABLE_STRICT_OBJC_MSGSEND = YES;
				GCC_C_LANGUAGE_STANDARD = gnu99;
				GCC_NO_COMMON_BLOCKS = YES;
				GCC_WARN_64_TO_32_BIT_CONVERSION = YES;
				GCC_WARN_ABOUT_RETURN_TYPE = YES_ERROR;
				GCC_WARN_UNDECLARED_SELECTOR = YES;
				GCC_WARN_UNINITIALIZED_AUTOS = YES_AGGRESSIVE;
				GCC_WARN_UNUSED_FUNCTION = YES;
				GCC_WARN_UNUSED_VARIABLE = YES;
				IPHONEOS_DEPLOYMENT_TARGET = 10.3;
				MTL_ENABLE_DEBUG_INFO = NO;
				SDKROOT = iphoneos;
				SWIFT_OPTIMIZATION_LEVEL = "-Owholemodule";
				VALIDATE_PRODUCT = YES;
			};
			name = Release;
		};
		BC9D3A001EAB43690027852B /* Debug */ = {
			isa = XCBuildConfiguration;
			buildSettings = {
				ASSETCATALOG_COMPILER_APPICON_NAME = AppIcon;
				DEVELOPMENT_TEAM = 629QQHHLKT;
				INFOPLIST_FILE = MyCameraApp0422Sat/Info.plist;
				LD_RUNPATH_SEARCH_PATHS = "$(inherited) @executable_path/Frameworks";
				PRODUCT_BUNDLE_IDENTIFIER = zemi.myself.MyCameraApp0422Sat;
				PRODUCT_NAME = "$(TARGET_NAME)";
				SWIFT_VERSION = 3.0;
			};
			name = Debug;
		};
		BC9D3A011EAB43690027852B /* Release */ = {
			isa = XCBuildConfiguration;
			buildSettings = {
				ASSETCATALOG_COMPILER_APPICON_NAME = AppIcon;
				DEVELOPMENT_TEAM = 629QQHHLKT;
				INFOPLIST_FILE = MyCameraApp0422Sat/Info.plist;
				LD_RUNPATH_SEARCH_PATHS = "$(inherited) @executable_path/Frameworks";
				PRODUCT_BUNDLE_IDENTIFIER = zemi.myself.MyCameraApp0422Sat;
				PRODUCT_NAME = "$(TARGET_NAME)";
				SWIFT_VERSION = 3.0;
			};
			name = Release;
		};
		BC9D3A031EAB43690027852B /* Debug */ = {
			isa = XCBuildConfiguration;
			buildSettings = {
				ALWAYS_EMBED_SWIFT_STANDARD_LIBRARIES = YES;
				BUNDLE_LOADER = "$(TEST_HOST)";
				DEVELOPMENT_TEAM = S2CDQDJ3K2;
				INFOPLIST_FILE = MyCameraApp0422SatTests/Info.plist;
				LD_RUNPATH_SEARCH_PATHS = "$(inherited) @executable_path/Frameworks @loader_path/Frameworks";
				PRODUCT_BUNDLE_IDENTIFIER = zemi.myself.MyCameraApp0422SatTests;
				PRODUCT_NAME = "$(TARGET_NAME)";
				SWIFT_VERSION = 3.0;
				TEST_HOST = "$(BUILT_PRODUCTS_DIR)/MyCameraApp0422Sat.app/MyCameraApp0422Sat";
			};
			name = Debug;
		};
		BC9D3A041EAB43690027852B /* Release */ = {
			isa = XCBuildConfiguration;
			buildSettings = {
				ALWAYS_EMBED_SWIFT_STANDARD_LIBRARIES = YES;
				BUNDLE_LOADER = "$(TEST_HOST)";
				DEVELOPMENT_TEAM = S2CDQDJ3K2;
				INFOPLIST_FILE = MyCameraApp0422SatTests/Info.plist;
				LD_RUNPATH_SEARCH_PATHS = "$(inherited) @executable_path/Frameworks @loader_path/Frameworks";
				PRODUCT_BUNDLE_IDENTIFIER = zemi.myself.MyCameraApp0422SatTests;
				PRODUCT_NAME = "$(TARGET_NAME)";
				SWIFT_VERSION = 3.0;
				TEST_HOST = "$(BUILT_PRODUCTS_DIR)/MyCameraApp0422Sat.app/MyCameraApp0422Sat";
			};
			name = Release;
		};
		BC9D3A061EAB43690027852B /* Debug */ = {
			isa = XCBuildConfiguration;
			buildSettings = {
				ALWAYS_EMBED_SWIFT_STANDARD_LIBRARIES = YES;
				DEVELOPMENT_TEAM = S2CDQDJ3K2;
				INFOPLIST_FILE = MyCameraApp0422SatUITests/Info.plist;
				LD_RUNPATH_SEARCH_PATHS = "$(inherited) @executable_path/Frameworks @loader_path/Frameworks";
				PRODUCT_BUNDLE_IDENTIFIER = zemi.myself.MyCameraApp0422SatUITests;
				PRODUCT_NAME = "$(TARGET_NAME)";
				SWIFT_VERSION = 3.0;
				TEST_TARGET_NAME = MyCameraApp0422Sat;
			};
			name = Debug;
		};
		BC9D3A071EAB43690027852B /* Release */ = {
			isa = XCBuildConfiguration;
			buildSettings = {
				ALWAYS_EMBED_SWIFT_STANDARD_LIBRARIES = YES;
				DEVELOPMENT_TEAM = S2CDQDJ3K2;
				INFOPLIST_FILE = MyCameraApp0422SatUITests/Info.plist;
				LD_RUNPATH_SEARCH_PATHS = "$(inherited) @executable_path/Frameworks @loader_path/Frameworks";
				PRODUCT_BUNDLE_IDENTIFIER = zemi.myself.MyCameraApp0422SatUITests;
				PRODUCT_NAME = "$(TARGET_NAME)";
				SWIFT_VERSION = 3.0;
				TEST_TARGET_NAME = MyCameraApp0422Sat;
			};
			name = Release;
		};
/* End XCBuildConfiguration section */

/* Begin XCConfigurationList section */
		BC9D39D21EAB43690027852B /* Build configuration list for PBXProject "MyCameraApp0422Sat" */ = {
			isa = XCConfigurationList;
			buildConfigurations = (
				BC9D39FD1EAB43690027852B /* Debug */,
				BC9D39FE1EAB43690027852B /* Release */,
			);
			defaultConfigurationIsVisible = 0;
			defaultConfigurationName = Release;
		};
		BC9D39FF1EAB43690027852B /* Build configuration list for PBXNativeTarget "MyCameraApp0422Sat" */ = {
			isa = XCConfigurationList;
			buildConfigurations = (
				BC9D3A001EAB43690027852B /* Debug */,
				BC9D3A011EAB43690027852B /* Release */,
			);
			defaultConfigurationIsVisible = 0;
		};
		BC9D3A021EAB43690027852B /* Build configuration list for PBXNativeTarget "MyCameraApp0422SatTests" */ = {
			isa = XCConfigurationList;
			buildConfigurations = (
				BC9D3A031EAB43690027852B /* Debug */,
				BC9D3A041EAB43690027852B /* Release */,
			);
			defaultConfigurationIsVisible = 0;
		};
		BC9D3A051EAB43690027852B /* Build configuration list for PBXNativeTarget "MyCameraApp0422SatUITests" */ = {
			isa = XCConfigurationList;
			buildConfigurations = (
				BC9D3A061EAB43690027852B /* Debug */,
				BC9D3A071EAB43690027852B /* Release */,
			);
			defaultConfigurationIsVisible = 0;
		};
/* End XCConfigurationList section */
	};
	rootObject = BC9D39CF1EAB43690027852B /* Project object */;
}
